
Microsoft Visual Studio Solution File, Format Version 12.00
# Visual Studio 15
Project("{FAE04EC0-301F-11D3-BF4B-00C04F79EFBC}") = "Assembly-CSharp-firstpass", "Assembly-CSharp-firstpass.csproj", "{9C8D8B02-3B03-8927-E32E-644167A63DB0}"
EndProject
Project("{FAE04EC0-301F-11D3-BF4B-00C04F79EFBC}") = "Assembly-CSharp", "Assembly-CSharp.csproj", "{9279DAEB-BED7-1B27-F44A-364C074AEBA0}"
EndProject
Project("{FAE04EC0-301F-11D3-BF4B-00C04F79EFBC}") = "AssetIcons", "AssetIcons.csproj", "{8C349005-418D-0915-632A-56F3B1C6FB83}"
EndProject
Project("{FAE04EC0-301F-11D3-BF4B-00C04F79EFBC}") = "Assembly-CSharp-Editor-firstpass", "Assembly-CSharp-Editor-firstpass.csproj", "{4D45B3E0-BE17-0888-CB51-D0F11BF3FA23}"
EndProject
Project("{FAE04EC0-301F-11D3-BF4B-00C04F79EFBC}") = "AssetIcons-Editor", "AssetIcons-Editor.csproj", "{D9D1D100-55AE-8B20-6044-4EC9AED2C8C8}"
EndProject
Global
	GlobalSection(SolutionConfigurationPlatforms) = preSolution
		Debug|Any CPU = Debug|Any CPU
		Release|Any CPU = Release|Any CPU
	EndGlobalSection
	GlobalSection(ProjectConfigurationPlatforms) = postSolution
		{9C8D8B02-3B03-8927-E32E-644167A63DB0}.Debug|Any CPU.ActiveCfg = Debug|Any CPU
		{9C8D8B02-3B03-8927-E32E-644167A63DB0}.Debug|Any CPU.Build.0 = Debug|Any CPU
		{9C8D8B02-3B03-8927-E32E-644167A63DB0}.Release|Any CPU.ActiveCfg = Release|Any CPU
		{9C8D8B02-3B03-8927-E32E-644167A63DB0}.Release|Any CPU.Build.0 = Release|Any CPU
		{9279DAEB-BED7-1B27-F44A-364C074AEBA0}.Debug|Any CPU.ActiveCfg = Debug|Any CPU
		{9279DAEB-BED7-1B27-F44A-364C074AEBA0}.Debug|Any CPU.Build.0 = Debug|Any CPU
		{9279DAEB-BED7-1B27-F44A-364C074AEBA0}.Release|Any CPU.ActiveCfg = Release|Any CPU
		{9279DAEB-BED7-1B27-F44A-364C074AEBA0}.Release|Any CPU.Build.0 = Release|Any CPU
		{8C349005-418D-0915-632A-56F3B1C6FB83}.Debug|Any CPU.ActiveCfg = Debug|Any CPU
		{8C349005-418D-0915-632A-56F3B1C6FB83}.Debug|Any CPU.Build.0 = Debug|Any CPU
		{8C349005-418D-0915-632A-56F3B1C6FB83}.Release|Any CPU.ActiveCfg = Release|Any CPU
		{8C349005-418D-0915-632A-56F3B1C6FB83}.Release|Any CPU.Build.0 = Release|Any CPU
		{4D45B3E0-BE17-0888-CB51-D0F11BF3FA23}.Debug|Any CPU.ActiveCfg = Debug|Any CPU
		{4D45B3E0-BE17-0888-CB51-D0F11BF3FA23}.Debug|Any CPU.Build.0 = Debug|Any CPU
		{4D45B3E0-BE17-0888-CB51-D0F11BF3FA23}.Release|Any CPU.ActiveCfg = Release|Any CPU
		{4D45B3E0-BE17-0888-CB51-D0F11BF3FA23}.Release|Any CPU.Build.0 = Release|Any CPU
		{D9D1D100-55AE-8B20-6044-4EC9AED2C8C8}.Debug|Any CPU.ActiveCfg = Debug|Any CPU
		{D9D1D100-55AE-8B20-6044-4EC9AED2C8C8}.Debug|Any CPU.Build.0 = Debug|Any CPU
		{D9D1D100-55AE-8B20-6044-4EC9AED2C8C8}.Release|Any CPU.ActiveCfg = Release|Any CPU
		{D9D1D100-55AE-8B20-6044-4EC9AED2C8C8}.Release|Any CPU.Build.0 = Release|Any CPU
	EndGlobalSection
	GlobalSection(SolutionProperties) = preSolution
		HideSolutionNode = FALSE
	EndGlobalSection
EndGlobal
